// !$*UTF8*$!
{
	archiveVersion = 1;
	classes = {
	};
	objectVersion = 50;
	objects = {

/* Begin PBXBuildFile section */
		DA6A324D4BA57BC16F30D1D5 /* libPods-deyi.a in Frameworks */ = {isa = PBXBuildFile; fileRef = 2A38297D4F9C363FD3498BA1 /* libPods-deyi.a */; };
		EC2368492111572600F486BA /* AppDelegate.m in Sources */ = {isa = PBXBuildFile; fileRef = EC2368482111572600F486BA /* AppDelegate.m */; };
		EC2368512111572700F486BA /* Assets.xcassets in Resources */ = {isa = PBXBuildFile; fileRef = EC2368502111572700F486BA /* Assets.xcassets */; };
		EC2368542111572700F486BA /* LaunchScreen.storyboard in Resources */ = {isa = PBXBuildFile; fileRef = EC2368522111572700F486BA /* LaunchScreen.storyboard */; };
		EC2368572111572700F486BA /* main.m in Sources */ = {isa = PBXBuildFile; fileRef = EC2368562111572700F486BA /* main.m */; };
		EC23687A21115D4600F486BA /* YLNetwork.m in Sources */ = {isa = PBXBuildFile; fileRef = EC23687921115D4600F486BA /* YLNetwork.m */; };
		EC23687F2111992C00F486BA /* YLAPI.m in Sources */ = {isa = PBXBuildFile; fileRef = EC23687E2111992C00F486BA /* YLAPI.m */; };
		EC23688221119B1200F486BA /* YLGlobalUserInfo.m in Sources */ = {isa = PBXBuildFile; fileRef = EC23688121119B1200F486BA /* YLGlobalUserInfo.m */; };
		EC23688521119BEC00F486BA /* YLUserDefaultConst.m in Sources */ = {isa = PBXBuildFile; fileRef = EC23688421119BEC00F486BA /* YLUserDefaultConst.m */; };
		EC23688C2112FE3D00F486BA /* YLHomeViewController.m in Sources */ = {isa = PBXBuildFile; fileRef = EC23688B2112FE3D00F486BA /* YLHomeViewController.m */; };
		EC23688F2112FE5100F486BA /* YLBBSViewController.m in Sources */ = {isa = PBXBuildFile; fileRef = EC23688E2112FE5100F486BA /* YLBBSViewController.m */; };
		EC2368922112FE6F00F486BA /* YLMyViewController.m in Sources */ = {isa = PBXBuildFile; fileRef = EC2368912112FE6F00F486BA /* YLMyViewController.m */; };
		EC236899211313F100F486BA /* YLBaseTabBarController.m in Sources */ = {isa = PBXBuildFile; fileRef = EC236898211313F100F486BA /* YLBaseTabBarController.m */; };
		EC23689C211314CE00F486BA /* YLStoreViewController.m in Sources */ = {isa = PBXBuildFile; fileRef = EC23689B211314CE00F486BA /* YLStoreViewController.m */; };
		EC23689F211314E200F486BA /* YLTimelineViewController.m in Sources */ = {isa = PBXBuildFile; fileRef = EC23689E211314E200F486BA /* YLTimelineViewController.m */; };
		EC2368A2211315DF00F486BA /* YLBaseNavgationViewController.m in Sources */ = {isa = PBXBuildFile; fileRef = EC2368A1211315DF00F486BA /* YLBaseNavgationViewController.m */; };
		EC999F712114506A0035444C /* WSegmentView.m in Sources */ = {isa = PBXBuildFile; fileRef = EC999F6F211450690035444C /* WSegmentView.m */; };
		EC999FA5211452E20035444C /* SDCycleScrollView.m in Sources */ = {isa = PBXBuildFile; fileRef = EC999F77211452E10035444C /* SDCycleScrollView.m */; };
		EC999FA6211452E20035444C /* UIView+SDExtension.m in Sources */ = {isa = PBXBuildFile; fileRef = EC999F78211452E10035444C /* UIView+SDExtension.m */; };
		EC999FA7211452E20035444C /* SDCollectionViewCell.m in Sources */ = {isa = PBXBuildFile; fileRef = EC999F79211452E10035444C /* SDCollectionViewCell.m */; };
		EC999FA8211452E20035444C /* TADotView.m in Sources */ = {isa = PBXBuildFile; fileRef = EC999F7C211452E10035444C /* TADotView.m */; };
		EC999FA9211452E20035444C /* TAPageControl.m in Sources */ = {isa = PBXBuildFile; fileRef = EC999F7D211452E10035444C /* TAPageControl.m */; };
		EC999FAA211452E20035444C /* TAAnimatedDotView.m in Sources */ = {isa = PBXBuildFile; fileRef = EC999F7E211452E10035444C /* TAAnimatedDotView.m */; };
		EC999FAB211452E20035444C /* TAAbstractDotView.m in Sources */ = {isa = PBXBuildFile; fileRef = EC999F7F211452E10035444C /* TAAbstractDotView.m */; };
		EC999FB3211452E20035444C /* UIView+ZJFrame.m in Sources */ = {isa = PBXBuildFile; fileRef = EC999F95211452E20035444C /* UIView+ZJFrame.m */; };
		EC999FB4211452E20035444C /* ZJTitleView.m in Sources */ = {isa = PBXBuildFile; fileRef = EC999F9A211452E20035444C /* ZJTitleView.m */; };
		EC999FB5211452E20035444C /* UIViewController+ZJScrollPageController.m in Sources */ = {isa = PBXBuildFile; fileRef = EC999F9B211452E20035444C /* UIViewController+ZJScrollPageController.m */; };
		EC999FB6211452E20035444C /* ZJContentView.m in Sources */ = {isa = PBXBuildFile; fileRef = EC999F9E211452E20035444C /* ZJContentView.m */; };
		EC999FB7211452E20035444C /* ZJCollectionView.m in Sources */ = {isa = PBXBuildFile; fileRef = EC999F9F211452E20035444C /* ZJCollectionView.m */; };
		EC999FB8211452E20035444C /* ZJSegmentStyle.m in Sources */ = {isa = PBXBuildFile; fileRef = EC999FA0211452E20035444C /* ZJSegmentStyle.m */; };
		EC999FB9211452E20035444C /* ZJScrollSegmentView.m in Sources */ = {isa = PBXBuildFile; fileRef = EC999FA1211452E20035444C /* ZJScrollSegmentView.m */; };
		EC999FBA211452E20035444C /* ZJScrollPageView.m in Sources */ = {isa = PBXBuildFile; fileRef = EC999FA2211452E20035444C /* ZJScrollPageView.m */; };
		EC9CC913212427B50059C9B8 /* YLHomeRecommendViewController.m in Sources */ = {isa = PBXBuildFile; fileRef = EC9CC912212427B50059C9B8 /* YLHomeRecommendViewController.m */; };
		EC9CC916212427C20059C9B8 /* YLHomeTimeLineViewController.m in Sources */ = {isa = PBXBuildFile; fileRef = EC9CC915212427C20059C9B8 /* YLHomeTimeLineViewController.m */; };
/* End PBXBuildFile section */

/* Begin PBXFileReference section */
		2A38297D4F9C363FD3498BA1 /* libPods-deyi.a */ = {isa = PBXFileReference; explicitFileType = archive.ar; includeInIndex = 0; path = "libPods-deyi.a"; sourceTree = BUILT_PRODUCTS_DIR; };
		98302274D955948A0D814F09 /* Pods-deyi.release.xcconfig */ = {isa = PBXFileReference; includeInIndex = 1; lastKnownFileType = text.xcconfig; name = "Pods-deyi.release.xcconfig"; path = "Pods/Target Support Files/Pods-deyi/Pods-deyi.release.xcconfig"; sourceTree = "<group>"; };
		EC2368442111572600F486BA /* deyi.app */ = {isa = PBXFileReference; explicitFileType = wrapper.application; includeInIndex = 0; path = deyi.app; sourceTree = BUILT_PRODUCTS_DIR; };
		EC2368472111572600F486BA /* AppDelegate.h */ = {isa = PBXFileReference; lastKnownFileType = sourcecode.c.h; path = AppDelegate.h; sourceTree = "<group>"; };
		EC2368482111572600F486BA /* AppDelegate.m */ = {isa = PBXFileReference; lastKnownFileType = sourcecode.c.objc; path = AppDelegate.m; sourceTree = "<group>"; };
		EC2368502111572700F486BA /* Assets.xcassets */ = {isa = PBXFileReference; lastKnownFileType = folder.assetcatalog; path = Assets.xcassets; sourceTree = "<group>"; };
		EC2368532111572700F486BA /* Base */ = {isa = PBXFileReference; lastKnownFileType = file.storyboard; name = Base; path = Base.lproj/LaunchScreen.storyboard; sourceTree = "<group>"; };
		EC2368552111572700F486BA /* Info.plist */ = {isa = PBXFileReference; lastKnownFileType = text.plist.xml; path = Info.plist; sourceTree = "<group>"; };
		EC2368562111572700F486BA /* main.m */ = {isa = PBXFileReference; lastKnownFileType = sourcecode.c.objc; path = main.m; sourceTree = "<group>"; };
		EC23687821115D4600F486BA /* YLNetwork.h */ = {isa = PBXFileReference; lastKnownFileType = sourcecode.c.h; path = YLNetwork.h; sourceTree = "<group>"; };
		EC23687921115D4600F486BA /* YLNetwork.m */ = {isa = PBXFileReference; lastKnownFileType = sourcecode.c.objc; path = YLNetwork.m; sourceTree = "<group>"; };
		EC23687C21115D8800F486BA /* DeyiPrefixHeader.pch */ = {isa = PBXFileReference; lastKnownFileType = sourcecode.c.h; path = DeyiPrefixHeader.pch; sourceTree = "<group>"; };
		EC23687D2111992C00F486BA /* YLAPI.h */ = {isa = PBXFileReference; lastKnownFileType = sourcecode.c.h; path = YLAPI.h; sourceTree = "<group>"; };
		EC23687E2111992C00F486BA /* YLAPI.m */ = {isa = PBXFileReference; lastKnownFileType = sourcecode.c.objc; path = YLAPI.m; sourceTree = "<group>"; };
		EC23688021119B1200F486BA /* YLGlobalUserInfo.h */ = {isa = PBXFileReference; lastKnownFileType = sourcecode.c.h; path = YLGlobalUserInfo.h; sourceTree = "<group>"; };
		EC23688121119B1200F486BA /* YLGlobalUserInfo.m */ = {isa = PBXFileReference; lastKnownFileType = sourcecode.c.objc; path = YLGlobalUserInfo.m; sourceTree = "<group>"; };
		EC23688321119BEC00F486BA /* YLUserDefaultConst.h */ = {isa = PBXFileReference; lastKnownFileType = sourcecode.c.h; path = YLUserDefaultConst.h; sourceTree = "<group>"; };
		EC23688421119BEC00F486BA /* YLUserDefaultConst.m */ = {isa = PBXFileReference; lastKnownFileType = sourcecode.c.objc; path = YLUserDefaultConst.m; sourceTree = "<group>"; };
		EC23688A2112FE3D00F486BA /* YLHomeViewController.h */ = {isa = PBXFileReference; lastKnownFileType = sourcecode.c.h; path = YLHomeViewController.h; sourceTree = "<group>"; };
		EC23688B2112FE3D00F486BA /* YLHomeViewController.m */ = {isa = PBXFileReference; lastKnownFileType = sourcecode.c.objc; path = YLHomeViewController.m; sourceTree = "<group>"; };
		EC23688D2112FE5100F486BA /* YLBBSViewController.h */ = {isa = PBXFileReference; lastKnownFileType = sourcecode.c.h; path = YLBBSViewController.h; sourceTree = "<group>"; };
		EC23688E2112FE5100F486BA /* YLBBSViewController.m */ = {isa = PBXFileReference; lastKnownFileType = sourcecode.c.objc; path = YLBBSViewController.m; sourceTree = "<group>"; };
		EC2368902112FE6F00F486BA /* YLMyViewController.h */ = {isa = PBXFileReference; lastKnownFileType = sourcecode.c.h; path = YLMyViewController.h; sourceTree = "<group>"; };
		EC2368912112FE6F00F486BA /* YLMyViewController.m */ = {isa = PBXFileReference; lastKnownFileType = sourcecode.c.objc; path = YLMyViewController.m; sourceTree = "<group>"; };
		EC236897211313F100F486BA /* YLBaseTabBarController.h */ = {isa = PBXFileReference; lastKnownFileType = sourcecode.c.h; path = YLBaseTabBarController.h; sourceTree = "<group>"; };
		EC236898211313F100F486BA /* YLBaseTabBarController.m */ = {isa = PBXFileReference; lastKnownFileType = sourcecode.c.objc; path = YLBaseTabBarController.m; sourceTree = "<group>"; };
		EC23689A211314CE00F486BA /* YLStoreViewController.h */ = {isa = PBXFileReference; lastKnownFileType = sourcecode.c.h; path = YLStoreViewController.h; sourceTree = "<group>"; };
		EC23689B211314CE00F486BA /* YLStoreViewController.m */ = {isa = PBXFileReference; lastKnownFileType = sourcecode.c.objc; path = YLStoreViewController.m; sourceTree = "<group>"; };
		EC23689D211314E200F486BA /* YLTimelineViewController.h */ = {isa = PBXFileReference; lastKnownFileType = sourcecode.c.h; path = YLTimelineViewController.h; sourceTree = "<group>"; };
		EC23689E211314E200F486BA /* YLTimelineViewController.m */ = {isa = PBXFileReference; lastKnownFileType = sourcecode.c.objc; path = YLTimelineViewController.m; sourceTree = "<group>"; };
		EC2368A0211315DF00F486BA /* YLBaseNavgationViewController.h */ = {isa = PBXFileReference; lastKnownFileType = sourcecode.c.h; path = YLBaseNavgationViewController.h; sourceTree = "<group>"; };
		EC2368A1211315DF00F486BA /* YLBaseNavgationViewController.m */ = {isa = PBXFileReference; lastKnownFileType = sourcecode.c.objc; path = YLBaseNavgationViewController.m; sourceTree = "<group>"; };
		EC2368A3211316FF00F486BA /* Maroco.h */ = {isa = PBXFileReference; lastKnownFileType = sourcecode.c.h; path = Maroco.h; sourceTree = "<group>"; };
		EC7CB3C380570173C24CFE23 /* Pods-deyi.debug.xcconfig */ = {isa = PBXFileReference; includeInIndex = 1; lastKnownFileType = text.xcconfig; name = "Pods-deyi.debug.xcconfig"; path = "Pods/Target Support Files/Pods-deyi/Pods-deyi.debug.xcconfig"; sourceTree = "<group>"; };
		EC999F6F211450690035444C /* WSegmentView.m */ = {isa = PBXFileReference; fileEncoding = 4; lastKnownFileType = sourcecode.c.objc; path = WSegmentView.m; sourceTree = "<group>"; };
		EC999F702114506A0035444C /* WSegmentView.h */ = {isa = PBXFileReference; fileEncoding = 4; lastKnownFileType = sourcecode.c.h; path = WSegmentView.h; sourceTree = "<group>"; };
		EC999F74211452E10035444C /* UIView+SDExtension.h */ = {isa = PBXFileReference; fileEncoding = 4; lastKnownFileType = sourcecode.c.h; path = "UIView+SDExtension.h"; sourceTree = "<group>"; };
		EC999F75211452E10035444C /* SDCycleScrollView.h */ = {isa = PBXFileReference; fileEncoding = 4; lastKnownFileType = sourcecode.c.h; path = SDCycleScrollView.h; sourceTree = "<group>"; };
		EC999F76211452E10035444C /* SDCollectionViewCell.h */ = {isa = PBXFileReference; fileEncoding = 4; lastKnownFileType = sourcecode.c.h; path = SDCollectionViewCell.h; sourceTree = "<group>"; };
		EC999F77211452E10035444C /* SDCycleScrollView.m */ = {isa = PBXFileReference; fileEncoding = 4; lastKnownFileType = sourcecode.c.objc; path = SDCycleScrollView.m; sourceTree = "<group>"; };
		EC999F78211452E10035444C /* UIView+SDExtension.m */ = {isa = PBXFileReference; fileEncoding = 4; lastKnownFileType = sourcecode.c.objc; path = "UIView+SDExtension.m"; sourceTree = "<group>"; };
		EC999F79211452E10035444C /* SDCollectionViewCell.m */ = {isa = PBXFileReference; fileEncoding = 4; lastKnownFileType = sourcecode.c.objc; path = SDCollectionViewCell.m; sourceTree = "<group>"; };
		EC999F7B211452E10035444C /* TAAbstractDotView.h */ = {isa = PBXFileReference; fileEncoding = 4; lastKnownFileType = sourcecode.c.h; path = TAAbstractDotView.h; sourceTree = "<group>"; };
		EC999F7C211452E10035444C /* TADotView.m */ = {isa = PBXFileReference; fileEncoding = 4; lastKnownFileType = sourcecode.c.objc; path = TADotView.m; sourceTree = "<group>"; };
		EC999F7D211452E10035444C /* TAPageControl.m */ = {isa = PBXFileReference; fileEncoding = 4; lastKnownFileType = sourcecode.c.objc; path = TAPageControl.m; sourceTree = "<group>"; };
		EC999F7E211452E10035444C /* TAAnimatedDotView.m */ = {isa = PBXFileReference; fileEncoding = 4; lastKnownFileType = sourcecode.c.objc; path = TAAnimatedDotView.m; sourceTree = "<group>"; };
		EC999F7F211452E10035444C /* TAAbstractDotView.m */ = {isa = PBXFileReference; fileEncoding = 4; lastKnownFileType = sourcecode.c.objc; path = TAAbstractDotView.m; sourceTree = "<group>"; };
		EC999F80211452E10035444C /* TADotView.h */ = {isa = PBXFileReference; fileEncoding = 4; lastKnownFileType = sourcecode.c.h; path = TADotView.h; sourceTree = "<group>"; };
		EC999F81211452E10035444C /* TAAnimatedDotView.h */ = {isa = PBXFileReference; fileEncoding = 4; lastKnownFileType = sourcecode.c.h; path = TAAnimatedDotView.h; sourceTree = "<group>"; };
		EC999F82211452E10035444C /* TAPageControl.h */ = {isa = PBXFileReference; fileEncoding = 4; lastKnownFileType = sourcecode.c.h; path = TAPageControl.h; sourceTree = "<group>"; };
		EC999F94211452E20035444C /* ZJContentView.h */ = {isa = PBXFileReference; fileEncoding = 4; lastKnownFileType = sourcecode.c.h; path = ZJContentView.h; sourceTree = "<group>"; };
		EC999F95211452E20035444C /* UIView+ZJFrame.m */ = {isa = PBXFileReference; fileEncoding = 4; lastKnownFileType = sourcecode.c.objc; path = "UIView+ZJFrame.m"; sourceTree = "<group>"; };
		EC999F96211452E20035444C /* ZJCollectionView.h */ = {isa = PBXFileReference; fileEncoding = 4; lastKnownFileType = sourcecode.c.h; path = ZJCollectionView.h; sourceTree = "<group>"; };
		EC999F97211452E20035444C /* ZJScrollSegmentView.h */ = {isa = PBXFileReference; fileEncoding = 4; lastKnownFileType = sourcecode.c.h; path = ZJScrollSegmentView.h; sourceTree = "<group>"; };
		EC999F98211452E20035444C /* ZJScrollPageViewDelegate.h */ = {isa = PBXFileReference; fileEncoding = 4; lastKnownFileType = sourcecode.c.h; path = ZJScrollPageViewDelegate.h; sourceTree = "<group>"; };
		EC999F99211452E20035444C /* ZJSegmentStyle.h */ = {isa = PBXFileReference; fileEncoding = 4; lastKnownFileType = sourcecode.c.h; path = ZJSegmentStyle.h; sourceTree = "<group>"; };
		EC999F9A211452E20035444C /* ZJTitleView.m */ = {isa = PBXFileReference; fileEncoding = 4; lastKnownFileType = sourcecode.c.objc; path = ZJTitleView.m; sourceTree = "<group>"; };
		EC999F9B211452E20035444C /* UIViewController+ZJScrollPageController.m */ = {isa = PBXFileReference; fileEncoding = 4; lastKnownFileType = sourcecode.c.objc; path = "UIViewController+ZJScrollPageController.m"; sourceTree = "<group>"; };
		EC999F9C211452E20035444C /* ZJScrollPageView.h */ = {isa = PBXFileReference; fileEncoding = 4; lastKnownFileType = sourcecode.c.h; path = ZJScrollPageView.h; sourceTree = "<group>"; };
		EC999F9D211452E20035444C /* UIView+ZJFrame.h */ = {isa = PBXFileReference; fileEncoding = 4; lastKnownFileType = sourcecode.c.h; path = "UIView+ZJFrame.h"; sourceTree = "<group>"; };
		EC999F9E211452E20035444C /* ZJContentView.m */ = {isa = PBXFileReference; fileEncoding = 4; lastKnownFileType = sourcecode.c.objc; path = ZJContentView.m; sourceTree = "<group>"; };
		EC999F9F211452E20035444C /* ZJCollectionView.m */ = {isa = PBXFileReference; fileEncoding = 4; lastKnownFileType = sourcecode.c.objc; path = ZJCollectionView.m; sourceTree = "<group>"; };
		EC999FA0211452E20035444C /* ZJSegmentStyle.m */ = {isa = PBXFileReference; fileEncoding = 4; lastKnownFileType = sourcecode.c.objc; path = ZJSegmentStyle.m; sourceTree = "<group>"; };
		EC999FA1211452E20035444C /* ZJScrollSegmentView.m */ = {isa = PBXFileReference; fileEncoding = 4; lastKnownFileType = sourcecode.c.objc; path = ZJScrollSegmentView.m; sourceTree = "<group>"; };
		EC999FA2211452E20035444C /* ZJScrollPageView.m */ = {isa = PBXFileReference; fileEncoding = 4; lastKnownFileType = sourcecode.c.objc; path = ZJScrollPageView.m; sourceTree = "<group>"; };
		EC999FA3211452E20035444C /* UIViewController+ZJScrollPageController.h */ = {isa = PBXFileReference; fileEncoding = 4; lastKnownFileType = sourcecode.c.h; path = "UIViewController+ZJScrollPageController.h"; sourceTree = "<group>"; };
		EC999FA4211452E20035444C /* ZJTitleView.h */ = {isa = PBXFileReference; fileEncoding = 4; lastKnownFileType = sourcecode.c.h; path = ZJTitleView.h; sourceTree = "<group>"; };
		EC9CC911212427B50059C9B8 /* YLHomeRecommendViewController.h */ = {isa = PBXFileReference; lastKnownFileType = sourcecode.c.h; path = YLHomeRecommendViewController.h; sourceTree = "<group>"; };
		EC9CC912212427B50059C9B8 /* YLHomeRecommendViewController.m */ = {isa = PBXFileReference; lastKnownFileType = sourcecode.c.objc; path = YLHomeRecommendViewController.m; sourceTree = "<group>"; };
		EC9CC914212427C20059C9B8 /* YLHomeTimeLineViewController.h */ = {isa = PBXFileReference; lastKnownFileType = sourcecode.c.h; path = YLHomeTimeLineViewController.h; sourceTree = "<group>"; };
		EC9CC915212427C20059C9B8 /* YLHomeTimeLineViewController.m */ = {isa = PBXFileReference; lastKnownFileType = sourcecode.c.objc; path = YLHomeTimeLineViewController.m; sourceTree = "<group>"; };
/* End PBXFileReference section */

/* Begin PBXFrameworksBuildPhase section */
		EC2368412111572600F486BA /* Frameworks */ = {
			isa = PBXFrameworksBuildPhase;
			buildActionMask = 2147483647;
			files = (
				DA6A324D4BA57BC16F30D1D5 /* libPods-deyi.a in Frameworks */,
			);
			runOnlyForDeploymentPostprocessing = 0;
		};
/* End PBXFrameworksBuildPhase section */

/* Begin PBXGroup section */
		3191A7ED6F06BF4990783B8E /* Frameworks */ = {
			isa = PBXGroup;
			children = (
				2A38297D4F9C363FD3498BA1 /* libPods-deyi.a */,
			);
			name = Frameworks;
			sourceTree = "<group>";
		};
		EC23683B2111572600F486BA = {
			isa = PBXGroup;
			children = (
				EC2368462111572600F486BA /* deyi */,
				EC2368452111572600F486BA /* Products */,
				EDB378E19412B9CED5E74D8F /* Pods */,
				3191A7ED6F06BF4990783B8E /* Frameworks */,
			);
			sourceTree = "<group>";
		};
		EC2368452111572600F486BA /* Products */ = {
			isa = PBXGroup;
			children = (
				EC2368442111572600F486BA /* deyi.app */,
			);
			name = Products;
			sourceTree = "<group>";
		};
		EC2368462111572600F486BA /* deyi */ = {
			isa = PBXGroup;
			children = (
				EC999F72211452C10035444C /* Verdor */,
				EC236896211313C400F486BA /* Base */,
				EC23687B21115D6C00F486BA /* Const */,
				EC23687421115B0D00F486BA /* BBS */,
				EC23686121115B0C00F486BA /* Categary */,
				EC23685F21115B0C00F486BA /* Common */,
				EC23686021115B0C00F486BA /* DB */,
				EC23687021115B0D00F486BA /* Home */,
				EC23685D21115B0C00F486BA /* Manager */,
				EC23686621115B0D00F486BA /* My */,
				EC23685E21115B0C00F486BA /* Network */,
				EC23686221115B0C00F486BA /* Store */,
				EC23686A21115B0D00F486BA /* Timeline */,
				EC23686F21115B0D00F486BA /* Util */,
				EC23686E21115B0D00F486BA /* Resources */,
				EC2368472111572600F486BA /* AppDelegate.h */,
				EC2368482111572600F486BA /* AppDelegate.m */,
				EC2368502111572700F486BA /* Assets.xcassets */,
				EC2368522111572700F486BA /* LaunchScreen.storyboard */,
				EC2368552111572700F486BA /* Info.plist */,
				EC2368562111572700F486BA /* main.m */,
				EC23687C21115D8800F486BA /* DeyiPrefixHeader.pch */,
			);
			path = deyi;
			sourceTree = "<group>";
		};
		EC23685D21115B0C00F486BA /* Manager */ = {
			isa = PBXGroup;
			children = (
			);
			path = Manager;
			sourceTree = "<group>";
		};
		EC23685E21115B0C00F486BA /* Network */ = {
			isa = PBXGroup;
			children = (
				EC23687821115D4600F486BA /* YLNetwork.h */,
				EC23687921115D4600F486BA /* YLNetwork.m */,
				EC23687D2111992C00F486BA /* YLAPI.h */,
				EC23687E2111992C00F486BA /* YLAPI.m */,
			);
			path = Network;
			sourceTree = "<group>";
		};
		EC23685F21115B0C00F486BA /* Common */ = {
			isa = PBXGroup;
			children = (
				EC999F702114506A0035444C /* WSegmentView.h */,
				EC999F6F211450690035444C /* WSegmentView.m */,
				EC23688021119B1200F486BA /* YLGlobalUserInfo.h */,
				EC23688121119B1200F486BA /* YLGlobalUserInfo.m */,
			);
			path = Common;
			sourceTree = "<group>";
		};
		EC23686021115B0C00F486BA /* DB */ = {
			isa = PBXGroup;
			children = (
			);
			path = DB;
			sourceTree = "<group>";
		};
		EC23686121115B0C00F486BA /* Categary */ = {
			isa = PBXGroup;
			children = (
			);
			path = Categary;
			sourceTree = "<group>";
		};
		EC23686221115B0C00F486BA /* Store */ = {
			isa = PBXGroup;
			children = (
				EC23686321115B0C00F486BA /* Controller */,
				EC23686421115B0C00F486BA /* Model */,
				EC23686521115B0C00F486BA /* View */,
			);
			path = Store;
			sourceTree = "<group>";
		};
		EC23686321115B0C00F486BA /* Controller */ = {
			isa = PBXGroup;
			children = (
				EC23689A211314CE00F486BA /* YLStoreViewController.h */,
				EC23689B211314CE00F486BA /* YLStoreViewController.m */,
			);
			path = Controller;
			sourceTree = "<group>";
		};
		EC23686421115B0C00F486BA /* Model */ = {
			isa = PBXGroup;
			children = (
			);
			path = Model;
			sourceTree = "<group>";
		};
		EC23686521115B0C00F486BA /* View */ = {
			isa = PBXGroup;
			children = (
			);
			path = View;
			sourceTree = "<group>";
		};
		EC23686621115B0D00F486BA /* My */ = {
			isa = PBXGroup;
			children = (
				EC23686721115B0D00F486BA /* Controller */,
				EC23686821115B0D00F486BA /* Model */,
				EC23686921115B0D00F486BA /* View */,
			);
			path = My;
			sourceTree = "<group>";
		};
		EC23686721115B0D00F486BA /* Controller */ = {
			isa = PBXGroup;
			children = (
				EC2368902112FE6F00F486BA /* YLMyViewController.h */,
				EC2368912112FE6F00F486BA /* YLMyViewController.m */,
			);
			path = Controller;
			sourceTree = "<group>";
		};
		EC23686821115B0D00F486BA /* Model */ = {
			isa = PBXGroup;
			children = (
			);
			path = Model;
			sourceTree = "<group>";
		};
		EC23686921115B0D00F486BA /* View */ = {
			isa = PBXGroup;
			children = (
			);
			path = View;
			sourceTree = "<group>";
		};
		EC23686A21115B0D00F486BA /* Timeline */ = {
			isa = PBXGroup;
			children = (
				EC23686B21115B0D00F486BA /* Controller */,
				EC23686C21115B0D00F486BA /* Model */,
				EC23686D21115B0D00F486BA /* View */,
			);
			path = Timeline;
			sourceTree = "<group>";
		};
		EC23686B21115B0D00F486BA /* Controller */ = {
			isa = PBXGroup;
			children = (
				EC23689D211314E200F486BA /* YLTimelineViewController.h */,
				EC23689E211314E200F486BA /* YLTimelineViewController.m */,
			);
			path = Controller;
			sourceTree = "<group>";
		};
		EC23686C21115B0D00F486BA /* Model */ = {
			isa = PBXGroup;
			children = (
			);
			path = Model;
			sourceTree = "<group>";
		};
		EC23686D21115B0D00F486BA /* View */ = {
			isa = PBXGroup;
			children = (
			);
			path = View;
			sourceTree = "<group>";
		};
		EC23686E21115B0D00F486BA /* Resources */ = {
			isa = PBXGroup;
			children = (
				EC2368A3211316FF00F486BA /* Maroco.h */,
			);
			path = Resources;
			sourceTree = "<group>";
		};
		EC23686F21115B0D00F486BA /* Util */ = {
			isa = PBXGroup;
			children = (
			);
			path = Util;
			sourceTree = "<group>";
		};
		EC23687021115B0D00F486BA /* Home */ = {
			isa = PBXGroup;
			children = (
				EC23687121115B0D00F486BA /* Controller */,
				EC23687221115B0D00F486BA /* Model */,
				EC23687321115B0D00F486BA /* View */,
			);
			path = Home;
			sourceTree = "<group>";
		};
		EC23687121115B0D00F486BA /* Controller */ = {
			isa = PBXGroup;
			children = (
				EC23688A2112FE3D00F486BA /* YLHomeViewController.h */,
				EC23688B2112FE3D00F486BA /* YLHomeViewController.m */,
				EC9CC911212427B50059C9B8 /* YLHomeRecommendViewController.h */,
				EC9CC912212427B50059C9B8 /* YLHomeRecommendViewController.m */,
				EC9CC914212427C20059C9B8 /* YLHomeTimeLineViewController.h */,
				EC9CC915212427C20059C9B8 /* YLHomeTimeLineViewController.m */,
			);
			path = Controller;
			sourceTree = "<group>";
		};
		EC23687221115B0D00F486BA /* Model */ = {
			isa = PBXGroup;
			children = (
			);
			path = Model;
			sourceTree = "<group>";
		};
		EC23687321115B0D00F486BA /* View */ = {
			isa = PBXGroup;
			children = (
			);
			path = View;
			sourceTree = "<group>";
		};
		EC23687421115B0D00F486BA /* BBS */ = {
			isa = PBXGroup;
			children = (
				EC23687521115B0D00F486BA /* Controller */,
				EC23687621115B0D00F486BA /* Model */,
				EC23687721115B0D00F486BA /* View */,
			);
			path = BBS;
			sourceTree = "<group>";
		};
		EC23687521115B0D00F486BA /* Controller */ = {
			isa = PBXGroup;
			children = (
				EC23688D2112FE5100F486BA /* YLBBSViewController.h */,
				EC23688E2112FE5100F486BA /* YLBBSViewController.m */,
			);
			path = Controller;
			sourceTree = "<group>";
		};
		EC23687621115B0D00F486BA /* Model */ = {
			isa = PBXGroup;
			children = (
			);
			path = Model;
			sourceTree = "<group>";
		};
		EC23687721115B0D00F486BA /* View */ = {
			isa = PBXGroup;
			children = (
			);
			path = View;
			sourceTree = "<group>";
		};
		EC23687B21115D6C00F486BA /* Const */ = {
			isa = PBXGroup;
			children = (
				EC23688321119BEC00F486BA /* YLUserDefaultConst.h */,
				EC23688421119BEC00F486BA /* YLUserDefaultConst.m */,
			);
			path = Const;
			sourceTree = "<group>";
		};
		EC236896211313C400F486BA /* Base */ = {
			isa = PBXGroup;
			children = (
				EC236897211313F100F486BA /* YLBaseTabBarController.h */,
				EC236898211313F100F486BA /* YLBaseTabBarController.m */,
				EC2368A0211315DF00F486BA /* YLBaseNavgationViewController.h */,
				EC2368A1211315DF00F486BA /* YLBaseNavgationViewController.m */,
			);
			path = Base;
			sourceTree = "<group>";
		};
		EC999F72211452C10035444C /* Verdor */ = {
			isa = PBXGroup;
			children = (
				EC999F73211452E10035444C /* SDCycleScrollView */,
				EC999F93211452E20035444C /* ZJScrollPageView */,
			);
			path = Verdor;
			sourceTree = "<group>";
		};
		EC999F73211452E10035444C /* SDCycleScrollView */ = {
			isa = PBXGroup;
			children = (
				EC999F74211452E10035444C /* UIView+SDExtension.h */,
				EC999F75211452E10035444C /* SDCycleScrollView.h */,
				EC999F76211452E10035444C /* SDCollectionViewCell.h */,
				EC999F77211452E10035444C /* SDCycleScrollView.m */,
				EC999F78211452E10035444C /* UIView+SDExtension.m */,
				EC999F79211452E10035444C /* SDCollectionViewCell.m */,
				EC999F7A211452E10035444C /* PageControl */,
			);
			path = SDCycleScrollView;
			sourceTree = "<group>";
		};
		EC999F7A211452E10035444C /* PageControl */ = {
			isa = PBXGroup;
			children = (
				EC999F7B211452E10035444C /* TAAbstractDotView.h */,
				EC999F7C211452E10035444C /* TADotView.m */,
				EC999F7D211452E10035444C /* TAPageControl.m */,
				EC999F7E211452E10035444C /* TAAnimatedDotView.m */,
				EC999F7F211452E10035444C /* TAAbstractDotView.m */,
				EC999F80211452E10035444C /* TADotView.h */,
				EC999F81211452E10035444C /* TAAnimatedDotView.h */,
				EC999F82211452E10035444C /* TAPageControl.h */,
			);
			path = PageControl;
			sourceTree = "<group>";
		};
		EC999F93211452E20035444C /* ZJScrollPageView */ = {
			isa = PBXGroup;
			children = (
				EC999F94211452E20035444C /* ZJContentView.h */,
				EC999F95211452E20035444C /* UIView+ZJFrame.m */,
				EC999F96211452E20035444C /* ZJCollectionView.h */,
				EC999F97211452E20035444C /* ZJScrollSegmentView.h */,
				EC999F98211452E20035444C /* ZJScrollPageViewDelegate.h */,
				EC999F99211452E20035444C /* ZJSegmentStyle.h */,
				EC999F9A211452E20035444C /* ZJTitleView.m */,
				EC999F9B211452E20035444C /* UIViewController+ZJScrollPageController.m */,
				EC999F9C211452E20035444C /* ZJScrollPageView.h */,
				EC999F9D211452E20035444C /* UIView+ZJFrame.h */,
				EC999F9E211452E20035444C /* ZJContentView.m */,
				EC999F9F211452E20035444C /* ZJCollectionView.m */,
				EC999FA0211452E20035444C /* ZJSegmentStyle.m */,
				EC999FA1211452E20035444C /* ZJScrollSegmentView.m */,
				EC999FA2211452E20035444C /* ZJScrollPageView.m */,
				EC999FA3211452E20035444C /* UIViewController+ZJScrollPageController.h */,
				EC999FA4211452E20035444C /* ZJTitleView.h */,
			);
			path = ZJScrollPageView;
			sourceTree = "<group>";
		};
		EDB378E19412B9CED5E74D8F /* Pods */ = {
			isa = PBXGroup;
			children = (
				EC7CB3C380570173C24CFE23 /* Pods-deyi.debug.xcconfig */,
				98302274D955948A0D814F09 /* Pods-deyi.release.xcconfig */,
			);
			name = Pods;
			sourceTree = "<group>";
		};
/* End PBXGroup section */

/* Begin PBXNativeTarget section */
		EC2368432111572600F486BA /* deyi */ = {
			isa = PBXNativeTarget;
			buildConfigurationList = EC23685A2111572700F486BA /* Build configuration list for PBXNativeTarget "deyi" */;
			buildPhases = (
				10577E34ECF85E3FA5CFB17B /* [CP] Check Pods Manifest.lock */,
				EC2368402111572600F486BA /* Sources */,
				EC2368412111572600F486BA /* Frameworks */,
				EC2368422111572600F486BA /* Resources */,
				62BC6B8144667509D8DD3B2B /* [CP] Copy Pods Resources */,
			);
			buildRules = (
			);
			dependencies = (
			);
			name = deyi;
			productName = deyi;
			productReference = EC2368442111572600F486BA /* deyi.app */;
			productType = "com.apple.product-type.application";
		};
/* End PBXNativeTarget section */

/* Begin PBXProject section */
		EC23683C2111572600F486BA /* Project object */ = {
			isa = PBXProject;
			attributes = {
				CLASSPREFIX = YL;
				LastUpgradeCheck = 0940;
				ORGANIZATIONNAME = hipie;
				TargetAttributes = {
					EC2368432111572600F486BA = {
						CreatedOnToolsVersion = 9.4.1;
					};
				};
			};
			buildConfigurationList = EC23683F2111572600F486BA /* Build configuration list for PBXProject "deyi" */;
			compatibilityVersion = "Xcode 9.3";
			developmentRegion = en;
			hasScannedForEncodings = 0;
			knownRegions = (
				en,
				Base,
			);
			mainGroup = EC23683B2111572600F486BA;
			productRefGroup = EC2368452111572600F486BA /* Products */;
			projectDirPath = "";
			projectRoot = "";
			targets = (
				EC2368432111572600F486BA /* deyi */,
			);
		};
/* End PBXProject section */

/* Begin PBXResourcesBuildPhase section */
		EC2368422111572600F486BA /* Resources */ = {
			isa = PBXResourcesBuildPhase;
			buildActionMask = 2147483647;
			files = (
				EC2368542111572700F486BA /* LaunchScreen.storyboard in Resources */,
				EC2368512111572700F486BA /* Assets.xcassets in Resources */,
			);
			runOnlyForDeploymentPostprocessing = 0;
		};
/* End PBXResourcesBuildPhase section */

/* Begin PBXShellScriptBuildPhase section */
		10577E34ECF85E3FA5CFB17B /* [CP] Check Pods Manifest.lock */ = {
			isa = PBXShellScriptBuildPhase;
			buildActionMask = 2147483647;
			files = (
			);
			inputPaths = (
				"${PODS_PODFILE_DIR_PATH}/Podfile.lock",
				"${PODS_ROOT}/Manifest.lock",
			);
			name = "[CP] Check Pods Manifest.lock";
			outputPaths = (
				"$(DERIVED_FILE_DIR)/Pods-deyi-checkManifestLockResult.txt",
			);
			runOnlyForDeploymentPostprocessing = 0;
			shellPath = /bin/sh;
			shellScript = "diff \"${PODS_PODFILE_DIR_PATH}/Podfile.lock\" \"${PODS_ROOT}/Manifest.lock\" > /dev/null\nif [ $? != 0 ] ; then\n    # print error to STDERR\n    echo \"error: The sandbox is not in sync with the Podfile.lock. Run 'pod install' or update your CocoaPods installation.\" >&2\n    exit 1\nfi\n# This output is used by Xcode 'outputs' to avoid re-running this script phase.\necho \"SUCCESS\" > \"${SCRIPT_OUTPUT_FILE_0}\"\n";
			showEnvVarsInLog = 0;
		};
		62BC6B8144667509D8DD3B2B /* [CP] Copy Pods Resources */ = {
			isa = PBXShellScriptBuildPhase;
			buildActionMask = 2147483647;
			files = (
			);
			inputPaths = (
				"${SRCROOT}/Pods/Target Support Files/Pods-deyi/Pods-deyi-resources.sh",
				"${PODS_ROOT}/MJRefresh/MJRefresh/MJRefresh.bundle",
			);
			name = "[CP] Copy Pods Resources";
			outputPaths = (
				"${TARGET_BUILD_DIR}/${UNLOCALIZED_RESOURCES_FOLDER_PATH}/MJRefresh.bundle",
			);
			runOnlyForDeploymentPostprocessing = 0;
			shellPath = /bin/sh;
			shellScript = "\"${SRCROOT}/Pods/Target Support Files/Pods-deyi/Pods-deyi-resources.sh\"\n";
			showEnvVarsInLog = 0;
		};
/* End PBXShellScriptBuildPhase section */

/* Begin PBXSourcesBuildPhase section */
		EC2368402111572600F486BA /* Sources */ = {
			isa = PBXSourcesBuildPhase;
			buildActionMask = 2147483647;
			files = (
				EC999FB6211452E20035444C /* ZJContentView.m in Sources */,
				EC2368922112FE6F00F486BA /* YLMyViewController.m in Sources */,
				EC999FA8211452E20035444C /* TADotView.m in Sources */,
				EC23689C211314CE00F486BA /* YLStoreViewController.m in Sources */,
				EC999FB4211452E20035444C /* ZJTitleView.m in Sources */,
				EC999FA7211452E20035444C /* SDCollectionViewCell.m in Sources */,
				EC999FB9211452E20035444C /* ZJScrollSegmentView.m in Sources */,
				EC23688221119B1200F486BA /* YLGlobalUserInfo.m in Sources */,
				EC999FB3211452E20035444C /* UIView+ZJFrame.m in Sources */,
				EC23688C2112FE3D00F486BA /* YLHomeViewController.m in Sources */,
				EC999FA5211452E20035444C /* SDCycleScrollView.m in Sources */,
				EC2368A2211315DF00F486BA /* YLBaseNavgationViewController.m in Sources */,
				EC999FAA211452E20035444C /* TAAnimatedDotView.m in Sources */,
				EC23688521119BEC00F486BA /* YLUserDefaultConst.m in Sources */,
				EC9CC916212427C20059C9B8 /* YLHomeTimeLineViewController.m in Sources */,
				EC999FAB211452E20035444C /* TAAbstractDotView.m in Sources */,
				EC999FB5211452E20035444C /* UIViewController+ZJScrollPageController.m in Sources */,
				EC999FA6211452E20035444C /* UIView+SDExtension.m in Sources */,
				EC23688F2112FE5100F486BA /* YLBBSViewController.m in Sources */,
				EC236899211313F100F486BA /* YLBaseTabBarController.m in Sources */,
				EC23687A21115D4600F486BA /* YLNetwork.m in Sources */,
				EC999FA9211452E20035444C /* TAPageControl.m in Sources */,
				EC999FB7211452E20035444C /* ZJCollectionView.m in Sources */,
				EC23689F211314E200F486BA /* YLTimelineViewController.m in Sources */,
				EC999FB8211452E20035444C /* ZJSegmentStyle.m in Sources */,
				EC999FBA211452E20035444C /* ZJScrollPageView.m in Sources */,
				EC23687F2111992C00F486BA /* YLAPI.m in Sources */,
				EC2368572111572700F486BA /* main.m in Sources */,
				EC999F712114506A0035444C /* WSegmentView.m in Sources */,
				EC2368492111572600F486BA /* AppDelegate.m in Sources */,
				EC9CC913212427B50059C9B8 /* YLHomeRecommendViewController.m in Sources */,
			);
			runOnlyForDeploymentPostprocessing = 0;
		};
/* End PBXSourcesBuildPhase section */

/* Begin PBXVariantGroup section */
		EC2368522111572700F486BA /* LaunchScreen.storyboard */ = {
			isa = PBXVariantGroup;
			children = (
				EC2368532111572700F486BA /* Base */,
			);
			name = LaunchScreen.storyboard;
			sourceTree = "<group>";
		};
/* End PBXVariantGroup section */

/* Begin XCBuildConfiguration section */
		EC2368582111572700F486BA /* Debug */ = {
			isa = XCBuildConfiguration;
			buildSettings = {
				ALWAYS_SEARCH_USER_PATHS = NO;
				CLANG_ANALYZER_NONNULL = YES;
				CLANG_ANALYZER_NUMBER_OBJECT_CONVERSION = YES_AGGRESSIVE;
				CLANG_CXX_LANGUAGE_STANDARD = "gnu++14";
				CLANG_CXX_LIBRARY = "libc++";
				CLANG_ENABLE_MODULES = YES;
				CLANG_ENABLE_OBJC_ARC = YES;
				CLANG_ENABLE_OBJC_WEAK = YES;
				CLANG_WARN_BLOCK_CAPTURE_AUTORELEASING = YES;
				CLANG_WARN_BOOL_CONVERSION = YES;
				CLANG_WARN_COMMA = YES;
				CLANG_WARN_CONSTANT_CONVERSION = YES;
				CLANG_WARN_DEPRECATED_OBJC_IMPLEMENTATIONS = YES;
				CLANG_WARN_DIRECT_OBJC_ISA_USAGE = YES_ERROR;
				CLANG_WARN_DOCUMENTATION_COMMENTS = YES;
				CLANG_WARN_EMPTY_BODY = YES;
				CLANG_WARN_ENUM_CONVERSION = YES;
				CLANG_WARN_INFINITE_RECURSION = YES;
				CLANG_WARN_INT_CONVERSION = YES;
				CLANG_WARN_NON_LITERAL_NULL_CONVERSION = YES;
				CLANG_WARN_OBJC_IMPLICIT_RETAIN_SELF = YES;
				CLANG_WARN_OBJC_LITERAL_CONVERSION = YES;
				CLANG_WARN_OBJC_ROOT_CLASS = YES_ERROR;
				CLANG_WARN_RANGE_LOOP_ANALYSIS = YES;
				CLANG_WARN_STRICT_PROTOTYPES = YES;
				CLANG_WARN_SUSPICIOUS_MOVE = YES;
				CLANG_WARN_UNGUARDED_AVAILABILITY = YES_AGGRESSIVE;
				CLANG_WARN_UNREACHABLE_CODE = YES;
				CLANG_WARN__DUPLICATE_METHOD_MATCH = YES;
				CODE_SIGN_IDENTITY = "iPhone Developer";
				COPY_PHASE_STRIP = NO;
				DEBUG_INFORMATION_FORMAT = dwarf;
				ENABLE_STRICT_OBJC_MSGSEND = YES;
				ENABLE_TESTABILITY = YES;
				GCC_C_LANGUAGE_STANDARD = gnu11;
				GCC_DYNAMIC_NO_PIC = NO;
				GCC_NO_COMMON_BLOCKS = YES;
				GCC_OPTIMIZATION_LEVEL = 0;
				GCC_PREPROCESSOR_DEFINITIONS = (
					"DEBUG=1",
					"$(inherited)",
				);
				GCC_WARN_64_TO_32_BIT_CONVERSION = YES;
				GCC_WARN_ABOUT_RETURN_TYPE = YES_ERROR;
				GCC_WARN_UNDECLARED_SELECTOR = YES;
				GCC_WARN_UNINITIALIZED_AUTOS = YES_AGGRESSIVE;
				GCC_WARN_UNUSED_FUNCTION = YES;
				GCC_WARN_UNUSED_VARIABLE = YES;
				IPHONEOS_DEPLOYMENT_TARGET = 11.4;
				MTL_ENABLE_DEBUG_INFO = YES;
				ONLY_ACTIVE_ARCH = YES;
				SDKROOT = iphoneos;
			};
			name = Debug;
		};
		EC2368592111572700F486BA /* Release */ = {
			isa = XCBuildConfiguration;
			buildSettings = {
				ALWAYS_SEARCH_USER_PATHS = NO;
				CLANG_ANALYZER_NONNULL = YES;
				CLANG_ANALYZER_NUMBER_OBJECT_CONVERSION = YES_AGGRESSIVE;
				CLANG_CXX_LANGUAGE_STANDARD = "gnu++14";
				CLANG_CXX_LIBRARY = "libc++";
				CLANG_ENABLE_MODULES = YES;
				CLANG_ENABLE_OBJC_ARC = YES;
				CLANG_ENABLE_OBJC_WEAK = YES;
				CLANG_WARN_BLOCK_CAPTURE_AUTORELEASING = YES;
				CLANG_WARN_BOOL_CONVERSION = YES;
				CLANG_WARN_COMMA = YES;
				CLANG_WARN_CONSTANT_CONVERSION = YES;
				CLANG_WARN_DEPRECATED_OBJC_IMPLEMENTATIONS = YES;
				CLANG_WARN_DIRECT_OBJC_ISA_USAGE = YES_ERROR;
				CLANG_WARN_DOCUMENTATION_COMMENTS = YES;
				CLANG_WARN_EMPTY_BODY = YES;
				CLANG_WARN_ENUM_CONVERSION = YES;
				CLANG_WARN_INFINITE_RECURSION = YES;
				CLANG_WARN_INT_CONVERSION = YES;
				CLANG_WARN_NON_LITERAL_NULL_CONVERSION = YES;
				CLANG_WARN_OBJC_IMPLICIT_RETAIN_SELF = YES;
				CLANG_WARN_OBJC_LITERAL_CONVERSION = YES;
				CLANG_WARN_OBJC_ROOT_CLASS = YES_ERROR;
				CLANG_WARN_RANGE_LOOP_ANALYSIS = YES;
				CLANG_WARN_STRICT_PROTOTYPES = YES;
				CLANG_WARN_SUSPICIOUS_MOVE = YES;
				CLANG_WARN_UNGUARDED_AVAILABILITY = YES_AGGRESSIVE;
				CLANG_WARN_UNREACHABLE_CODE = YES;
				CLANG_WARN__DUPLICATE_METHOD_MATCH = YES;
				CODE_SIGN_IDENTITY = "iPhone Developer";
				COPY_PHASE_STRIP = NO;
				DEBUG_INFORMATION_FORMAT = "dwarf-with-dsym";
				ENABLE_NS_ASSERTIONS = NO;
				ENABLE_STRICT_OBJC_MSGSEND = YES;
				GCC_C_LANGUAGE_STANDARD = gnu11;
				GCC_NO_COMMON_BLOCKS = YES;
				GCC_WARN_64_TO_32_BIT_CONVERSION = YES;
				GCC_WARN_ABOUT_RETURN_TYPE = YES_ERROR;
				GCC_WARN_UNDECLARED_SELECTOR = YES;
				GCC_WARN_UNINITIALIZED_AUTOS = YES_AGGRESSIVE;
				GCC_WARN_UNUSED_FUNCTION = YES;
				GCC_WARN_UNUSED_VARIABLE = YES;
				IPHONEOS_DEPLOYMENT_TARGET = 11.4;
				MTL_ENABLE_DEBUG_INFO = NO;
				SDKROOT = iphoneos;
				VALIDATE_PRODUCT = YES;
			};
			name = Release;
		};
		EC23685B2111572700F486BA /* Debug */ = {
			isa = XCBuildConfiguration;
			baseConfigurationReference = EC7CB3C380570173C24CFE23 /* Pods-deyi.debug.xcconfig */;
			buildSettings = {
				ASSETCATALOG_COMPILER_APPICON_NAME = AppIcon;
				CODE_SIGN_STYLE = Automatic;
				DEVELOPMENT_TEAM = Y4MB2B6UD3;
				GCC_PREFIX_HEADER = "$(SRCROOT)/deyi/DeyiPrefixHeader.pch";
				INFOPLIST_FILE = deyi/Info.plist;
				LD_RUNPATH_SEARCH_PATHS = (
					"$(inherited)",
					"@executable_path/Frameworks",
				);
				PRODUCT_BUNDLE_IDENTIFIER = com.yang.deyi;
				PRODUCT_NAME = "$(TARGET_NAME)";
				TARGETED_DEVICE_FAMILY = "1,2";
			};
			name = Debug;
		};
		EC23685C2111572700F486BA /* Release */ = {
			isa = XCBuildConfiguration;
			baseConfigurationReference = 98302274D955948A0D814F09 /* Pods-deyi.release.xcconfig */;
			buildSettings = {
				ASSETCATALOG_COMPILER_APPICON_NAME = AppIcon;
				CODE_SIGN_STYLE = Automatic;
				DEVELOPMENT_TEAM = Y4MB2B6UD3;
				GCC_PREFIX_HEADER = "$(SRCROOT)/deyi/DeyiPrefixHeader.pch";
				INFOPLIST_FILE = deyi/Info.plist;
				LD_RUNPATH_SEARCH_PATHS = (
					"$(inherited)",
					"@executable_path/Frameworks",
				);
				PRODUCT_BUNDLE_IDENTIFIER = com.yang.deyi;
				PRODUCT_NAME = "$(TARGET_NAME)";
				TARGETED_DEVICE_FAMILY = "1,2";
			};
			name = Release;
		};
/* End XCBuildConfiguration section */

/* Begin XCConfigurationList section */
		EC23683F2111572600F486BA /* Build configuration list for PBXProject "deyi" */ = {
			isa = XCConfigurationList;
			buildConfigurations = (
				EC2368582111572700F486BA /* Debug */,
				EC2368592111572700F486BA /* Release */,
			);
			defaultConfigurationIsVisible = 0;
			defaultConfigurationName = Release;
		};
		EC23685A2111572700F486BA /* Build configuration list for PBXNativeTarget "deyi" */ = {
			isa = XCConfigurationList;
			buildConfigurations = (
				EC23685B2111572700F486BA /* Debug */,
				EC23685C2111572700F486BA /* Release */,
			);
			defaultConfigurationIsVisible = 0;
			defaultConfigurationName = Release;
		};
/* End XCConfigurationList section */
	};
	rootObject = EC23683C2111572600F486BA /* Project object */;
}
