// !$*UTF8*$!
{
	archiveVersion = 1;
	classes = {
	};
	objectVersion = 50;
	objects = {

/* Begin PBXBuildFile section */
		DA6A324D4BA57BC16F30D1D5 /* libPods-deyi.a in Frameworks */ = {isa = PBXBuildFile; fileRef = 2A38297D4F9C363FD3498BA1 /* libPods-deyi.a */; };
		EC2368492111572600F486BA /* AppDelegate.m in Sources */ = {isa = PBXBuildFile; fileRef = EC2368482111572600F486BA /* AppDelegate.m */; };
		EC2368512111572700F486BA /* Assets.xcassets in Resources */ = {isa = PBXBuildFile; fileRef = EC2368502111572700F486BA /* Assets.xcassets */; };
		EC2368542111572700F486BA /* LaunchScreen.storyboard in Resources */ = {isa = PBXBuildFile; fileRef = EC2368522111572700F486BA /* LaunchScreen.storyboard */; };
		EC2368572111572700F486BA /* main.m in Sources */ = {isa = PBXBuildFile; fileRef = EC2368562111572700F486BA /* main.m */; };
		EC23687A21115D4600F486BA /* YLNetwork.m in Sources */ = {isa = PBXBuildFile; fileRef = EC23687921115D4600F486BA /* YLNetwork.m */; };
		EC23687F2111992C00F486BA /* YLAPI.m in Sources */ = {isa = PBXBuildFile; fileRef = EC23687E2111992C00F486BA /* YLAPI.m */; };
		EC23688221119B1200F486BA /* YLGlobalUserInfo.m in Sources */ = {isa = PBXBuildFile; fileRef = EC23688121119B1200F486BA /* YLGlobalUserInfo.m */; };
		EC23688521119BEC00F486BA /* YLUserDefaultConst.m in Sources */ = {isa = PBXBuildFile; fileRef = EC23688421119BEC00F486BA /* YLUserDefaultConst.m */; };
/* End PBXBuildFile section */

/* Begin PBXFileReference section */
		2A38297D4F9C363FD3498BA1 /* libPods-deyi.a */ = {isa = PBXFileReference; explicitFileType = archive.ar; includeInIndex = 0; path = "libPods-deyi.a"; sourceTree = BUILT_PRODUCTS_DIR; };
		98302274D955948A0D814F09 /* Pods-deyi.release.xcconfig */ = {isa = PBXFileReference; includeInIndex = 1; lastKnownFileType = text.xcconfig; name = "Pods-deyi.release.xcconfig"; path = "Pods/Target Support Files/Pods-deyi/Pods-deyi.release.xcconfig"; sourceTree = "<group>"; };
		EC2368442111572600F486BA /* deyi.app */ = {isa = PBXFileReference; explicitFileType = wrapper.application; includeInIndex = 0; path = deyi.app; sourceTree = BUILT_PRODUCTS_DIR; };
		EC2368472111572600F486BA /* AppDelegate.h */ = {isa = PBXFileReference; lastKnownFileType = sourcecode.c.h; path = AppDelegate.h; sourceTree = "<group>"; };
		EC2368482111572600F486BA /* AppDelegate.m */ = {isa = PBXFileReference; lastKnownFileType = sourcecode.c.objc; path = AppDelegate.m; sourceTree = "<group>"; };
		EC2368502111572700F486BA /* Assets.xcassets */ = {isa = PBXFileReference; lastKnownFileType = folder.assetcatalog; path = Assets.xcassets; sourceTree = "<group>"; };
		EC2368532111572700F486BA /* Base */ = {isa = PBXFileReference; lastKnownFileType = file.storyboard; name = Base; path = Base.lproj/LaunchScreen.storyboard; sourceTree = "<group>"; };
		EC2368552111572700F486BA /* Info.plist */ = {isa = PBXFileReference; lastKnownFileType = text.plist.xml; path = Info.plist; sourceTree = "<group>"; };
		EC2368562111572700F486BA /* main.m */ = {isa = PBXFileReference; lastKnownFileType = sourcecode.c.objc; path = main.m; sourceTree = "<group>"; };
		EC23687821115D4600F486BA /* YLNetwork.h */ = {isa = PBXFileReference; lastKnownFileType = sourcecode.c.h; path = YLNetwork.h; sourceTree = "<group>"; };
		EC23687921115D4600F486BA /* YLNetwork.m */ = {isa = PBXFileReference; lastKnownFileType = sourcecode.c.objc; path = YLNetwork.m; sourceTree = "<group>"; };
		EC23687C21115D8800F486BA /* DeyiPrefixHeader.pch */ = {isa = PBXFileReference; lastKnownFileType = sourcecode.c.h; path = DeyiPrefixHeader.pch; sourceTree = "<group>"; };
		EC23687D2111992C00F486BA /* YLAPI.h */ = {isa = PBXFileReference; lastKnownFileType = sourcecode.c.h; path = YLAPI.h; sourceTree = "<group>"; };
		EC23687E2111992C00F486BA /* YLAPI.m */ = {isa = PBXFileReference; lastKnownFileType = sourcecode.c.objc; path = YLAPI.m; sourceTree = "<group>"; };
		EC23688021119B1200F486BA /* YLGlobalUserInfo.h */ = {isa = PBXFileReference; lastKnownFileType = sourcecode.c.h; path = YLGlobalUserInfo.h; sourceTree = "<group>"; };
		EC23688121119B1200F486BA /* YLGlobalUserInfo.m */ = {isa = PBXFileReference; lastKnownFileType = sourcecode.c.objc; path = YLGlobalUserInfo.m; sourceTree = "<group>"; };
		EC23688321119BEC00F486BA /* YLUserDefaultConst.h */ = {isa = PBXFileReference; lastKnownFileType = sourcecode.c.h; path = YLUserDefaultConst.h; sourceTree = "<group>"; };
		EC23688421119BEC00F486BA /* YLUserDefaultConst.m */ = {isa = PBXFileReference; lastKnownFileType = sourcecode.c.objc; path = YLUserDefaultConst.m; sourceTree = "<group>"; };
		EC7CB3C380570173C24CFE23 /* Pods-deyi.debug.xcconfig */ = {isa = PBXFileReference; includeInIndex = 1; lastKnownFileType = text.xcconfig; name = "Pods-deyi.debug.xcconfig"; path = "Pods/Target Support Files/Pods-deyi/Pods-deyi.debug.xcconfig"; sourceTree = "<group>"; };
/* End PBXFileReference section */

/* Begin PBXFrameworksBuildPhase section */
		EC2368412111572600F486BA /* Frameworks */ = {
			isa = PBXFrameworksBuildPhase;
			buildActionMask = 2147483647;
			files = (
				DA6A324D4BA57BC16F30D1D5 /* libPods-deyi.a in Frameworks */,
			);
			runOnlyForDeploymentPostprocessing = 0;
		};
/* End PBXFrameworksBuildPhase section */

/* Begin PBXGroup section */
		3191A7ED6F06BF4990783B8E /* Frameworks */ = {
			isa = PBXGroup;
			children = (
				2A38297D4F9C363FD3498BA1 /* libPods-deyi.a */,
			);
			name = Frameworks;
			sourceTree = "<group>";
		};
		EC23683B2111572600F486BA = {
			isa = PBXGroup;
			children = (
				EC2368462111572600F486BA /* deyi */,
				EC2368452111572600F486BA /* Products */,
				EDB378E19412B9CED5E74D8F /* Pods */,
				3191A7ED6F06BF4990783B8E /* Frameworks */,
			);
			sourceTree = "<group>";
		};
		EC2368452111572600F486BA /* Products */ = {
			isa = PBXGroup;
			children = (
				EC2368442111572600F486BA /* deyi.app */,
			);
			name = Products;
			sourceTree = "<group>";
		};
		EC2368462111572600F486BA /* deyi */ = {
			isa = PBXGroup;
			children = (
				EC23687B21115D6C00F486BA /* Const */,
				EC23687421115B0D00F486BA /* BBS */,
				EC23686121115B0C00F486BA /* Categary */,
				EC23685F21115B0C00F486BA /* Common */,
				EC23686021115B0C00F486BA /* DB */,
				EC23687021115B0D00F486BA /* Home */,
				EC23685D21115B0C00F486BA /* Manager */,
				EC23686621115B0D00F486BA /* My */,
				EC23685E21115B0C00F486BA /* Network */,
				EC23686221115B0C00F486BA /* Store */,
				EC23686A21115B0D00F486BA /* Timeline */,
				EC23686F21115B0D00F486BA /* Util */,
				EC23686E21115B0D00F486BA /* Resources */,
				EC2368472111572600F486BA /* AppDelegate.h */,
				EC2368482111572600F486BA /* AppDelegate.m */,
				EC2368502111572700F486BA /* Assets.xcassets */,
				EC2368522111572700F486BA /* LaunchScreen.storyboard */,
				EC2368552111572700F486BA /* Info.plist */,
				EC2368562111572700F486BA /* main.m */,
				EC23687C21115D8800F486BA /* DeyiPrefixHeader.pch */,
			);
			path = deyi;
			sourceTree = "<group>";
		};
		EC23685D21115B0C00F486BA /* Manager */ = {
			isa = PBXGroup;
			children = (
			);
			path = Manager;
			sourceTree = "<group>";
		};
		EC23685E21115B0C00F486BA /* Network */ = {
			isa = PBXGroup;
			children = (
				EC23687821115D4600F486BA /* YLNetwork.h */,
				EC23687921115D4600F486BA /* YLNetwork.m */,
				EC23687D2111992C00F486BA /* YLAPI.h */,
				EC23687E2111992C00F486BA /* YLAPI.m */,
			);
			path = Network;
			sourceTree = "<group>";
		};
		EC23685F21115B0C00F486BA /* Common */ = {
			isa = PBXGroup;
			children = (
				EC23688021119B1200F486BA /* YLGlobalUserInfo.h */,
				EC23688121119B1200F486BA /* YLGlobalUserInfo.m */,
			);
			path = Common;
			sourceTree = "<group>";
		};
		EC23686021115B0C00F486BA /* DB */ = {
			isa = PBXGroup;
			children = (
			);
			path = DB;
			sourceTree = "<group>";
		};
		EC23686121115B0C00F486BA /* Categary */ = {
			isa = PBXGroup;
			children = (
			);
			path = Categary;
			sourceTree = "<group>";
		};
		EC23686221115B0C00F486BA /* Store */ = {
			isa = PBXGroup;
			children = (
				EC23686321115B0C00F486BA /* Controller */,
				EC23686421115B0C00F486BA /* Model */,
				EC23686521115B0C00F486BA /* View */,
			);
			path = Store;
			sourceTree = "<group>";
		};
		EC23686321115B0C00F486BA /* Controller */ = {
			isa = PBXGroup;
			children = (
			);
			path = Controller;
			sourceTree = "<group>";
		};
		EC23686421115B0C00F486BA /* Model */ = {
			isa = PBXGroup;
			children = (
			);
			path = Model;
			sourceTree = "<group>";
		};
		EC23686521115B0C00F486BA /* View */ = {
			isa = PBXGroup;
			children = (
			);
			path = View;
			sourceTree = "<group>";
		};
		EC23686621115B0D00F486BA /* My */ = {
			isa = PBXGroup;
			children = (
				EC23686721115B0D00F486BA /* Controller */,
				EC23686821115B0D00F486BA /* Model */,
				EC23686921115B0D00F486BA /* View */,
			);
			path = My;
			sourceTree = "<group>";
		};
		EC23686721115B0D00F486BA /* Controller */ = {
			isa = PBXGroup;
			children = (
			);
			path = Controller;
			sourceTree = "<group>";
		};
		EC23686821115B0D00F486BA /* Model */ = {
			isa = PBXGroup;
			children = (
			);
			path = Model;
			sourceTree = "<group>";
		};
		EC23686921115B0D00F486BA /* View */ = {
			isa = PBXGroup;
			children = (
			);
			path = View;
			sourceTree = "<group>";
		};
		EC23686A21115B0D00F486BA /* Timeline */ = {
			isa = PBXGroup;
			children = (
				EC23686B21115B0D00F486BA /* Controller */,
				EC23686C21115B0D00F486BA /* Model */,
				EC23686D21115B0D00F486BA /* View */,
			);
			path = Timeline;
			sourceTree = "<group>";
		};
		EC23686B21115B0D00F486BA /* Controller */ = {
			isa = PBXGroup;
			children = (
			);
			path = Controller;
			sourceTree = "<group>";
		};
		EC23686C21115B0D00F486BA /* Model */ = {
			isa = PBXGroup;
			children = (
			);
			path = Model;
			sourceTree = "<group>";
		};
		EC23686D21115B0D00F486BA /* View */ = {
			isa = PBXGroup;
			children = (
			);
			path = View;
			sourceTree = "<group>";
		};
		EC23686E21115B0D00F486BA /* Resources */ = {
			isa = PBXGroup;
			children = (
			);
			path = Resources;
			sourceTree = "<group>";
		};
		EC23686F21115B0D00F486BA /* Util */ = {
			isa = PBXGroup;
			children = (
			);
			path = Util;
			sourceTree = "<group>";
		};
		EC23687021115B0D00F486BA /* Home */ = {
			isa = PBXGroup;
			children = (
				EC23687121115B0D00F486BA /* Controller */,
				EC23687221115B0D00F486BA /* Model */,
				EC23687321115B0D00F486BA /* View */,
			);
			path = Home;
			sourceTree = "<group>";
		};
		EC23687121115B0D00F486BA /* Controller */ = {
			isa = PBXGroup;
			children = (
			);
			path = Controller;
			sourceTree = "<group>";
		};
		EC23687221115B0D00F486BA /* Model */ = {
			isa = PBXGroup;
			children = (
			);
			path = Model;
			sourceTree = "<group>";
		};
		EC23687321115B0D00F486BA /* View */ = {
			isa = PBXGroup;
			children = (
			);
			path = View;
			sourceTree = "<group>";
		};
		EC23687421115B0D00F486BA /* BBS */ = {
			isa = PBXGroup;
			children = (
				EC23687521115B0D00F486BA /* Controller */,
				EC23687621115B0D00F486BA /* Model */,
				EC23687721115B0D00F486BA /* View */,
			);
			path = BBS;
			sourceTree = "<group>";
		};
		EC23687521115B0D00F486BA /* Controller */ = {
			isa = PBXGroup;
			children = (
			);
			path = Controller;
			sourceTree = "<group>";
		};
		EC23687621115B0D00F486BA /* Model */ = {
			isa = PBXGroup;
			children = (
			);
			path = Model;
			sourceTree = "<group>";
		};
		EC23687721115B0D00F486BA /* View */ = {
			isa = PBXGroup;
			children = (
			);
			path = View;
			sourceTree = "<group>";
		};
		EC23687B21115D6C00F486BA /* Const */ = {
			isa = PBXGroup;
			children = (
				EC23688321119BEC00F486BA /* YLUserDefaultConst.h */,
				EC23688421119BEC00F486BA /* YLUserDefaultConst.m */,
			);
			path = Const;
			sourceTree = "<group>";
		};
		EDB378E19412B9CED5E74D8F /* Pods */ = {
			isa = PBXGroup;
			children = (
				EC7CB3C380570173C24CFE23 /* Pods-deyi.debug.xcconfig */,
				98302274D955948A0D814F09 /* Pods-deyi.release.xcconfig */,
			);
			name = Pods;
			sourceTree = "<group>";
		};
/* End PBXGroup section */

/* Begin PBXNativeTarget section */
		EC2368432111572600F486BA /* deyi */ = {
			isa = PBXNativeTarget;
			buildConfigurationList = EC23685A2111572700F486BA /* Build configuration list for PBXNativeTarget "deyi" */;
			buildPhases = (
				10577E34ECF85E3FA5CFB17B /* [CP] Check Pods Manifest.lock */,
				EC2368402111572600F486BA /* Sources */,
				EC2368412111572600F486BA /* Frameworks */,
				EC2368422111572600F486BA /* Resources */,
				62BC6B8144667509D8DD3B2B /* [CP] Copy Pods Resources */,
			);
			buildRules = (
			);
			dependencies = (
			);
			name = deyi;
			productName = deyi;
			productReference = EC2368442111572600F486BA /* deyi.app */;
			productType = "com.apple.product-type.application";
		};
/* End PBXNativeTarget section */

/* Begin PBXProject section */
		EC23683C2111572600F486BA /* Project object */ = {
			isa = PBXProject;
			attributes = {
				CLASSPREFIX = YL;
				LastUpgradeCheck = 0940;
				ORGANIZATIONNAME = hipie;
				TargetAttributes = {
					EC2368432111572600F486BA = {
						CreatedOnToolsVersion = 9.4.1;
					};
				};
			};
			buildConfigurationList = EC23683F2111572600F486BA /* Build configuration list for PBXProject "deyi" */;
			compatibilityVersion = "Xcode 9.3";
			developmentRegion = en;
			hasScannedForEncodings = 0;
			knownRegions = (
				en,
				Base,
			);
			mainGroup = EC23683B2111572600F486BA;
			productRefGroup = EC2368452111572600F486BA /* Products */;
			projectDirPath = "";
			projectRoot = "";
			targets = (
				EC2368432111572600F486BA /* deyi */,
			);
		};
/* End PBXProject section */

/* Begin PBXResourcesBuildPhase section */
		EC2368422111572600F486BA /* Resources */ = {
			isa = PBXResourcesBuildPhase;
			buildActionMask = 2147483647;
			files = (
				EC2368542111572700F486BA /* LaunchScreen.storyboard in Resources */,
				EC2368512111572700F486BA /* Assets.xcassets in Resources */,
			);
			runOnlyForDeploymentPostprocessing = 0;
		};
/* End PBXResourcesBuildPhase section */

/* Begin PBXShellScriptBuildPhase section */
		10577E34ECF85E3FA5CFB17B /* [CP] Check Pods Manifest.lock */ = {
			isa = PBXShellScriptBuildPhase;
			buildActionMask = 2147483647;
			files = (
			);
			inputPaths = (
				"${PODS_PODFILE_DIR_PATH}/Podfile.lock",
				"${PODS_ROOT}/Manifest.lock",
			);
			name = "[CP] Check Pods Manifest.lock";
			outputPaths = (
				"$(DERIVED_FILE_DIR)/Pods-deyi-checkManifestLockResult.txt",
			);
			runOnlyForDeploymentPostprocessing = 0;
			shellPath = /bin/sh;
			shellScript = "diff \"${PODS_PODFILE_DIR_PATH}/Podfile.lock\" \"${PODS_ROOT}/Manifest.lock\" > /dev/null\nif [ $? != 0 ] ; then\n    # print error to STDERR\n    echo \"error: The sandbox is not in sync with the Podfile.lock. Run 'pod install' or update your CocoaPods installation.\" >&2\n    exit 1\nfi\n# This output is used by Xcode 'outputs' to avoid re-running this script phase.\necho \"SUCCESS\" > \"${SCRIPT_OUTPUT_FILE_0}\"\n";
			showEnvVarsInLog = 0;
		};
		62BC6B8144667509D8DD3B2B /* [CP] Copy Pods Resources */ = {
			isa = PBXShellScriptBuildPhase;
			buildActionMask = 2147483647;
			files = (
			);
			inputPaths = (
				"${SRCROOT}/Pods/Target Support Files/Pods-deyi/Pods-deyi-resources.sh",
				"${PODS_ROOT}/MJRefresh/MJRefresh/MJRefresh.bundle",
				"${PODS_ROOT}/UMCShare/UMShare/UMSocialUI/UMSocialSDKResources.bundle",
			);
			name = "[CP] Copy Pods Resources";
			outputPaths = (
				"${TARGET_BUILD_DIR}/${UNLOCALIZED_RESOURCES_FOLDER_PATH}/MJRefresh.bundle",
				"${TARGET_BUILD_DIR}/${UNLOCALIZED_RESOURCES_FOLDER_PATH}/UMSocialSDKResources.bundle",
			);
			runOnlyForDeploymentPostprocessing = 0;
			shellPath = /bin/sh;
			shellScript = "\"${SRCROOT}/Pods/Target Support Files/Pods-deyi/Pods-deyi-resources.sh\"\n";
			showEnvVarsInLog = 0;
		};
/* End PBXShellScriptBuildPhase section */

/* Begin PBXSourcesBuildPhase section */
		EC2368402111572600F486BA /* Sources */ = {
			isa = PBXSourcesBuildPhase;
			buildActionMask = 2147483647;
			files = (
				EC23688221119B1200F486BA /* YLGlobalUserInfo.m in Sources */,
				EC23688521119BEC00F486BA /* YLUserDefaultConst.m in Sources */,
				EC23687A21115D4600F486BA /* YLNetwork.m in Sources */,
				EC23687F2111992C00F486BA /* YLAPI.m in Sources */,
				EC2368572111572700F486BA /* main.m in Sources */,
				EC2368492111572600F486BA /* AppDelegate.m in Sources */,
			);
			runOnlyForDeploymentPostprocessing = 0;
		};
/* End PBXSourcesBuildPhase section */

/* Begin PBXVariantGroup section */
		EC2368522111572700F486BA /* LaunchScreen.storyboard */ = {
			isa = PBXVariantGroup;
			children = (
				EC2368532111572700F486BA /* Base */,
			);
			name = LaunchScreen.storyboard;
			sourceTree = "<group>";
		};
/* End PBXVariantGroup section */

/* Begin XCBuildConfiguration section */
		EC2368582111572700F486BA /* Debug */ = {
			isa = XCBuildConfiguration;
			buildSettings = {
				ALWAYS_SEARCH_USER_PATHS = NO;
				CLANG_ANALYZER_NONNULL = YES;
				CLANG_ANALYZER_NUMBER_OBJECT_CONVERSION = YES_AGGRESSIVE;
				CLANG_CXX_LANGUAGE_STANDARD = "gnu++14";
				CLANG_CXX_LIBRARY = "libc++";
				CLANG_ENABLE_MODULES = YES;
				CLANG_ENABLE_OBJC_ARC = YES;
				CLANG_ENABLE_OBJC_WEAK = YES;
				CLANG_WARN_BLOCK_CAPTURE_AUTORELEASING = YES;
				CLANG_WARN_BOOL_CONVERSION = YES;
				CLANG_WARN_COMMA = YES;
				CLANG_WARN_CONSTANT_CONVERSION = YES;
				CLANG_WARN_DEPRECATED_OBJC_IMPLEMENTATIONS = YES;
				CLANG_WARN_DIRECT_OBJC_ISA_USAGE = YES_ERROR;
				CLANG_WARN_DOCUMENTATION_COMMENTS = YES;
				CLANG_WARN_EMPTY_BODY = YES;
				CLANG_WARN_ENUM_CONVERSION = YES;
				CLANG_WARN_INFINITE_RECURSION = YES;
				CLANG_WARN_INT_CONVERSION = YES;
				CLANG_WARN_NON_LITERAL_NULL_CONVERSION = YES;
				CLANG_WARN_OBJC_IMPLICIT_RETAIN_SELF = YES;
				CLANG_WARN_OBJC_LITERAL_CONVERSION = YES;
				CLANG_WARN_OBJC_ROOT_CLASS = YES_ERROR;
				CLANG_WARN_RANGE_LOOP_ANALYSIS = YES;
				CLANG_WARN_STRICT_PROTOTYPES = YES;
				CLANG_WARN_SUSPICIOUS_MOVE = YES;
				CLANG_WARN_UNGUARDED_AVAILABILITY = YES_AGGRESSIVE;
				CLANG_WARN_UNREACHABLE_CODE = YES;
				CLANG_WARN__DUPLICATE_METHOD_MATCH = YES;
				CODE_SIGN_IDENTITY = "iPhone Developer";
				COPY_PHASE_STRIP = NO;
				DEBUG_INFORMATION_FORMAT = dwarf;
				ENABLE_STRICT_OBJC_MSGSEND = YES;
				ENABLE_TESTABILITY = YES;
				GCC_C_LANGUAGE_STANDARD = gnu11;
				GCC_DYNAMIC_NO_PIC = NO;
				GCC_NO_COMMON_BLOCKS = YES;
				GCC_OPTIMIZATION_LEVEL = 0;
				GCC_PREPROCESSOR_DEFINITIONS = (
					"DEBUG=1",
					"$(inherited)",
				);
				GCC_WARN_64_TO_32_BIT_CONVERSION = YES;
				GCC_WARN_ABOUT_RETURN_TYPE = YES_ERROR;
				GCC_WARN_UNDECLARED_SELECTOR = YES;
				GCC_WARN_UNINITIALIZED_AUTOS = YES_AGGRESSIVE;
				GCC_WARN_UNUSED_FUNCTION = YES;
				GCC_WARN_UNUSED_VARIABLE = YES;
				IPHONEOS_DEPLOYMENT_TARGET = 11.4;
				MTL_ENABLE_DEBUG_INFO = YES;
				ONLY_ACTIVE_ARCH = YES;
				SDKROOT = iphoneos;
			};
			name = Debug;
		};
		EC2368592111572700F486BA /* Release */ = {
			isa = XCBuildConfiguration;
			buildSettings = {
				ALWAYS_SEARCH_USER_PATHS = NO;
				CLANG_ANALYZER_NONNULL = YES;
				CLANG_ANALYZER_NUMBER_OBJECT_CONVERSION = YES_AGGRESSIVE;
				CLANG_CXX_LANGUAGE_STANDARD = "gnu++14";
				CLANG_CXX_LIBRARY = "libc++";
				CLANG_ENABLE_MODULES = YES;
				CLANG_ENABLE_OBJC_ARC = YES;
				CLANG_ENABLE_OBJC_WEAK = YES;
				CLANG_WARN_BLOCK_CAPTURE_AUTORELEASING = YES;
				CLANG_WARN_BOOL_CONVERSION = YES;
				CLANG_WARN_COMMA = YES;
				CLANG_WARN_CONSTANT_CONVERSION = YES;
				CLANG_WARN_DEPRECATED_OBJC_IMPLEMENTATIONS = YES;
				CLANG_WARN_DIRECT_OBJC_ISA_USAGE = YES_ERROR;
				CLANG_WARN_DOCUMENTATION_COMMENTS = YES;
				CLANG_WARN_EMPTY_BODY = YES;
				CLANG_WARN_ENUM_CONVERSION = YES;
				CLANG_WARN_INFINITE_RECURSION = YES;
				CLANG_WARN_INT_CONVERSION = YES;
				CLANG_WARN_NON_LITERAL_NULL_CONVERSION = YES;
				CLANG_WARN_OBJC_IMPLICIT_RETAIN_SELF = YES;
				CLANG_WARN_OBJC_LITERAL_CONVERSION = YES;
				CLANG_WARN_OBJC_ROOT_CLASS = YES_ERROR;
				CLANG_WARN_RANGE_LOOP_ANALYSIS = YES;
				CLANG_WARN_STRICT_PROTOTYPES = YES;
				CLANG_WARN_SUSPICIOUS_MOVE = YES;
				CLANG_WARN_UNGUARDED_AVAILABILITY = YES_AGGRESSIVE;
				CLANG_WARN_UNREACHABLE_CODE = YES;
				CLANG_WARN__DUPLICATE_METHOD_MATCH = YES;
				CODE_SIGN_IDENTITY = "iPhone Developer";
				COPY_PHASE_STRIP = NO;
				DEBUG_INFORMATION_FORMAT = "dwarf-with-dsym";
				ENABLE_NS_ASSERTIONS = NO;
				ENABLE_STRICT_OBJC_MSGSEND = YES;
				GCC_C_LANGUAGE_STANDARD = gnu11;
				GCC_NO_COMMON_BLOCKS = YES;
				GCC_WARN_64_TO_32_BIT_CONVERSION = YES;
				GCC_WARN_ABOUT_RETURN_TYPE = YES_ERROR;
				GCC_WARN_UNDECLARED_SELECTOR = YES;
				GCC_WARN_UNINITIALIZED_AUTOS = YES_AGGRESSIVE;
				GCC_WARN_UNUSED_FUNCTION = YES;
				GCC_WARN_UNUSED_VARIABLE = YES;
				IPHONEOS_DEPLOYMENT_TARGET = 11.4;
				MTL_ENABLE_DEBUG_INFO = NO;
				SDKROOT = iphoneos;
				VALIDATE_PRODUCT = YES;
			};
			name = Release;
		};
		EC23685B2111572700F486BA /* Debug */ = {
			isa = XCBuildConfiguration;
			baseConfigurationReference = EC7CB3C380570173C24CFE23 /* Pods-deyi.debug.xcconfig */;
			buildSettings = {
				ASSETCATALOG_COMPILER_APPICON_NAME = AppIcon;
				CODE_SIGN_STYLE = Automatic;
				DEVELOPMENT_TEAM = Y4MB2B6UD3;
				GCC_PREFIX_HEADER = "$(SRCROOT)/deyi/DeyiPrefixHeader.pch";
				INFOPLIST_FILE = deyi/Info.plist;
				LD_RUNPATH_SEARCH_PATHS = (
					"$(inherited)",
					"@executable_path/Frameworks",
				);
				PRODUCT_BUNDLE_IDENTIFIER = com.yang.deyi;
				PRODUCT_NAME = "$(TARGET_NAME)";
				TARGETED_DEVICE_FAMILY = "1,2";
			};
			name = Debug;
		};
		EC23685C2111572700F486BA /* Release */ = {
			isa = XCBuildConfiguration;
			baseConfigurationReference = 98302274D955948A0D814F09 /* Pods-deyi.release.xcconfig */;
			buildSettings = {
				ASSETCATALOG_COMPILER_APPICON_NAME = AppIcon;
				CODE_SIGN_STYLE = Automatic;
				DEVELOPMENT_TEAM = Y4MB2B6UD3;
				GCC_PREFIX_HEADER = "$(SRCROOT)/deyi/DeyiPrefixHeader.pch";
				INFOPLIST_FILE = deyi/Info.plist;
				LD_RUNPATH_SEARCH_PATHS = (
					"$(inherited)",
					"@executable_path/Frameworks",
				);
				PRODUCT_BUNDLE_IDENTIFIER = com.yang.deyi;
				PRODUCT_NAME = "$(TARGET_NAME)";
				TARGETED_DEVICE_FAMILY = "1,2";
			};
			name = Release;
		};
/* End XCBuildConfiguration section */

/* Begin XCConfigurationList section */
		EC23683F2111572600F486BA /* Build configuration list for PBXProject "deyi" */ = {
			isa = XCConfigurationList;
			buildConfigurations = (
				EC2368582111572700F486BA /* Debug */,
				EC2368592111572700F486BA /* Release */,
			);
			defaultConfigurationIsVisible = 0;
			defaultConfigurationName = Release;
		};
		EC23685A2111572700F486BA /* Build configuration list for PBXNativeTarget "deyi" */ = {
			isa = XCConfigurationList;
			buildConfigurations = (
				EC23685B2111572700F486BA /* Debug */,
				EC23685C2111572700F486BA /* Release */,
			);
			defaultConfigurationIsVisible = 0;
			defaultConfigurationName = Release;
		};
/* End XCConfigurationList section */
	};
	rootObject = EC23683C2111572600F486BA /* Project object */;
}
